
Microsoft Visual Studio Solution File, Format Version 12.00
# Visual Studio 14
VisualStudioVersion = 14.0.25420.1
MinimumVisualStudioVersion = 10.0.40219.1
Project("{8BC9CEB8-8B4A-11D0-8D11-00A0C91BC942}") = "SLT_MC", "SLT_MC.vcxproj", "{D23225EE-87A7-4F82-A84C-5E8A75163860}"
EndProject
Project("{8BC9CEB8-8B4A-11D0-8D11-00A0C91BC942}") = "LIB_UTIL", "..\Dll_Src\LIB_UTIL\LIB_UTIL\LIB_UTIL.vcxproj", "{CDF13444-2173-4B9D-B158-8B764A1948B7}"
EndProject
Project("{8BC9CEB8-8B4A-11D0-8D11-00A0C91BC942}") = "LIB_REGULATOR", "..\Dll_Src\LIB_REGULATOR\LIB_REGULATOR\LIB_REGULATOR.vcxproj", "{7D0CFC72-89B7-48DE-B0DB-98D37E51C6D4}"
EndProject
Project("{8BC9CEB8-8B4A-11D0-8D11-00A0C91BC942}") = "LIB_MC", "..\Dll_Src\LIB_MC\LIB_MC\LIB_MC.vcxproj", "{B760AACB-3C1A-4863-90E0-E248636B83D2}"
EndProject
Project("{8BC9CEB8-8B4A-11D0-8D11-00A0C91BC942}") = "LogLib", "..\Dll_Src\LIB_LOG\LogLib\LogLib.vcxproj", "{4EB76C28-AFAE-4810-D7D3-989B4A2D35B8}"
EndProject
Project("{8BC9CEB8-8B4A-11D0-8D11-00A0C91BC942}") = "LIB_IPC_SOCK", "..\Dll_Src\LIB_IPC_TCP\LIB_IPC_SOCK\LIB_IPC_SOCK.vcxproj", "{99343BA0-607C-47B3-A106-C3AE7ED23C41}"
EndProject
Project("{8BC9CEB8-8B4A-11D0-8D11-00A0C91BC942}") = "LIB_GUI", "..\Dll_Src\LIB_GUI\LIB_GUI\LIB_GUI.vcxproj", "{F24BE8AC-7011-49B7-8061-4D475FC22D7B}"
EndProject
Project("{8BC9CEB8-8B4A-11D0-8D11-00A0C91BC942}") = "LIB_DB_LS", "..\Dll_Src\LIB_DB_LS\LIB_DB_LS\LIB_DB_LS.vcxproj", "{AB948719-8F2D-4191-A89A-6E0D896369BA}"
EndProject
Project("{8BC9CEB8-8B4A-11D0-8D11-00A0C91BC942}") = "LIB_DATA_MEM", "..\Dll_Src\LIB_DATA_MEM\LIB_DATA_MEM\LIB_DATA_MEM.vcxproj", "{F43993FC-6FDE-4C40-A4C3-32D11748AEF1}"
EndProject
Project("{8BC9CEB8-8B4A-11D0-8D11-00A0C91BC942}") = "LIB_CommCtrl", "..\Dll_Src\LIB_CommCtrl\LIB_CommCtrl\LIB_CommCtrl.vcxproj", "{DD5BC30D-4563-42B6-BD96-BE8BCB035354}"
EndProject
Project("{8BC9CEB8-8B4A-11D0-8D11-00A0C91BC942}") = "LIB_COK_FILE", "..\Dll_Src\LIB_COK_FILE\LIB_COK_FILE\LIB_COK_FILE.vcxproj", "{D9863B8D-D57F-4DDF-9FA0-A020C72B864E}"
EndProject
Project("{8BC9CEB8-8B4A-11D0-8D11-00A0C91BC942}") = "LIB_BBXMNP", "..\Dll_Src\LIB_BBXMNP\LIB_BBXMNP\LIB_BBXMNP.vcxproj", "{F6E1254A-B885-4C9F-B2A0-FB6681814309}"
EndProject
Project("{8BC9CEB8-8B4A-11D0-8D11-00A0C91BC942}") = "VATSampleCode", "..\VATSampleCode\VATSampleCode.vcxproj", "{0A149389-F60B-4008-9EDF-E7A427A6CC62}"
EndProject
Global
	GlobalSection(SolutionConfigurationPlatforms) = preSolution
		Debug|Win32 = Debug|Win32
		Debug|x64 = Debug|x64
		Release|Win32 = Release|Win32
		Release|x64 = Release|x64
		Remote_Debug_Test|Win32 = Remote_Debug_Test|Win32
		Remote_Debug_Test|x64 = Remote_Debug_Test|x64
		Remote_Debug|Win32 = Remote_Debug|Win32
		Remote_Debug|x64 = Remote_Debug|x64
		Remote_Release|Win32 = Remote_Release|Win32
		Remote_Release|x64 = Remote_Release|x64
		RemoteDebug|Win32 = RemoteDebug|Win32
		RemoteDebug|x64 = RemoteDebug|x64
		RemoteRelase_1|Win32 = RemoteRelase_1|Win32
		RemoteRelase_1|x64 = RemoteRelase_1|x64
		Template|Win32 = Template|Win32
		Template|x64 = Template|x64
	EndGlobalSection
	GlobalSection(ProjectConfigurationPlatforms) = postSolution
		{D23225EE-87A7-4F82-A84C-5E8A75163860}.Debug|Win32.ActiveCfg = Debug|Win32
		{D23225EE-87A7-4F82-A84C-5E8A75163860}.Debug|Win32.Build.0 = Debug|Win32
		{D23225EE-87A7-4F82-A84C-5E8A75163860}.Debug|x64.ActiveCfg = Debug|Win32
		{D23225EE-87A7-4F82-A84C-5E8A75163860}.Release|Win32.ActiveCfg = Release|Win32
		{D23225EE-87A7-4F82-A84C-5E8A75163860}.Release|Win32.Build.0 = Release|Win32
		{D23225EE-87A7-4F82-A84C-5E8A75163860}.Release|x64.ActiveCfg = Release|Win32
		{D23225EE-87A7-4F82-A84C-5E8A75163860}.Remote_Debug_Test|Win32.ActiveCfg = Remote_Debug|Win32
		{D23225EE-87A7-4F82-A84C-5E8A75163860}.Remote_Debug_Test|Win32.Build.0 = Remote_Debug|Win32
		{D23225EE-87A7-4F82-A84C-5E8A75163860}.Remote_Debug_Test|x64.ActiveCfg = Remote_Release|Win32
		{D23225EE-87A7-4F82-A84C-5E8A75163860}.Remote_Debug_Test|x64.Build.0 = Remote_Release|Win32
		{D23225EE-87A7-4F82-A84C-5E8A75163860}.Remote_Debug|Win32.ActiveCfg = Remote_Debug|Win32
		{D23225EE-87A7-4F82-A84C-5E8A75163860}.Remote_Debug|Win32.Build.0 = Remote_Debug|Win32
		{D23225EE-87A7-4F82-A84C-5E8A75163860}.Remote_Debug|x64.ActiveCfg = Remote_Debug|Win32
		{D23225EE-87A7-4F82-A84C-5E8A75163860}.Remote_Release|Win32.ActiveCfg = Remote_Release|Win32
		{D23225EE-87A7-4F82-A84C-5E8A75163860}.Remote_Release|Win32.Build.0 = Remote_Release|Win32
		{D23225EE-87A7-4F82-A84C-5E8A75163860}.Remote_Release|x64.ActiveCfg = Remote_Release|Win32
		{D23225EE-87A7-4F82-A84C-5E8A75163860}.RemoteDebug|Win32.ActiveCfg = Remote_Release|Win32
		{D23225EE-87A7-4F82-A84C-5E8A75163860}.RemoteDebug|Win32.Build.0 = Remote_Release|Win32
		{D23225EE-87A7-4F82-A84C-5E8A75163860}.RemoteDebug|x64.ActiveCfg = Remote_Release|Win32
		{D23225EE-87A7-4F82-A84C-5E8A75163860}.RemoteDebug|x64.Build.0 = Remote_Release|Win32
		{D23225EE-87A7-4F82-A84C-5E8A75163860}.RemoteRelase_1|Win32.ActiveCfg = Remote_Release|Win32
		{D23225EE-87A7-4F82-A84C-5E8A75163860}.RemoteRelase_1|Win32.Build.0 = Remote_Release|Win32
		{D23225EE-87A7-4F82-A84C-5E8A75163860}.RemoteRelase_1|x64.ActiveCfg = Remote_Release|Win32
		{D23225EE-87A7-4F82-A84C-5E8A75163860}.RemoteRelase_1|x64.Build.0 = Remote_Release|Win32
		{D23225EE-87A7-4F82-A84C-5E8A75163860}.Template|Win32.ActiveCfg = Remote_Release|Win32
		{D23225EE-87A7-4F82-A84C-5E8A75163860}.Template|Win32.Build.0 = Remote_Release|Win32
		{D23225EE-87A7-4F82-A84C-5E8A75163860}.Template|x64.ActiveCfg = Remote_Release|Win32
		{D23225EE-87A7-4F82-A84C-5E8A75163860}.Template|x64.Build.0 = Remote_Release|Win32
		{CDF13444-2173-4B9D-B158-8B764A1948B7}.Debug|Win32.ActiveCfg = Debug|Win32
		{CDF13444-2173-4B9D-B158-8B764A1948B7}.Debug|Win32.Build.0 = Debug|Win32
		{CDF13444-2173-4B9D-B158-8B764A1948B7}.Debug|x64.ActiveCfg = Debug|Win32
		{CDF13444-2173-4B9D-B158-8B764A1948B7}.Release|Win32.ActiveCfg = Release|Win32
		{CDF13444-2173-4B9D-B158-8B764A1948B7}.Release|Win32.Build.0 = Release|Win32
		{CDF13444-2173-4B9D-B158-8B764A1948B7}.Release|x64.ActiveCfg = Release|Win32
		{CDF13444-2173-4B9D-B158-8B764A1948B7}.Remote_Debug_Test|Win32.ActiveCfg = Remote_Debug|Win32
		{CDF13444-2173-4B9D-B158-8B764A1948B7}.Remote_Debug_Test|Win32.Build.0 = Remote_Debug|Win32
		{CDF13444-2173-4B9D-B158-8B764A1948B7}.Remote_Debug_Test|x64.ActiveCfg = Remote_Release|Win32
		{CDF13444-2173-4B9D-B158-8B764A1948B7}.Remote_Debug_Test|x64.Build.0 = Remote_Release|Win32
		{CDF13444-2173-4B9D-B158-8B764A1948B7}.Remote_Debug|Win32.ActiveCfg = Remote_Debug|Win32
		{CDF13444-2173-4B9D-B158-8B764A1948B7}.Remote_Debug|Win32.Build.0 = Remote_Debug|Win32
		{CDF13444-2173-4B9D-B158-8B764A1948B7}.Remote_Debug|x64.ActiveCfg = Remote_Debug|Win32
		{CDF13444-2173-4B9D-B158-8B764A1948B7}.Remote_Release|Win32.ActiveCfg = Remote_Release|Win32
		{CDF13444-2173-4B9D-B158-8B764A1948B7}.Remote_Release|Win32.Build.0 = Remote_Release|Win32
		{CDF13444-2173-4B9D-B158-8B764A1948B7}.Remote_Release|x64.ActiveCfg = Remote_Release|Win32
		{CDF13444-2173-4B9D-B158-8B764A1948B7}.RemoteDebug|Win32.ActiveCfg = Remote_Debug|Win32
		{CDF13444-2173-4B9D-B158-8B764A1948B7}.RemoteDebug|Win32.Build.0 = Remote_Debug|Win32
		{CDF13444-2173-4B9D-B158-8B764A1948B7}.RemoteDebug|x64.ActiveCfg = Release|Win32
		{CDF13444-2173-4B9D-B158-8B764A1948B7}.RemoteDebug|x64.Build.0 = Release|Win32
		{CDF13444-2173-4B9D-B158-8B764A1948B7}.RemoteRelase_1|Win32.ActiveCfg = Remote_Release|Win32
		{CDF13444-2173-4B9D-B158-8B764A1948B7}.RemoteRelase_1|Win32.Build.0 = Remote_Release|Win32
		{CDF13444-2173-4B9D-B158-8B764A1948B7}.RemoteRelase_1|x64.ActiveCfg = Remote_Release|Win32
		{CDF13444-2173-4B9D-B158-8B764A1948B7}.RemoteRelase_1|x64.Build.0 = Remote_Release|Win32
		{CDF13444-2173-4B9D-B158-8B764A1948B7}.Template|Win32.ActiveCfg = Release|Win32
		{CDF13444-2173-4B9D-B158-8B764A1948B7}.Template|Win32.Build.0 = Release|Win32
		{CDF13444-2173-4B9D-B158-8B764A1948B7}.Template|x64.ActiveCfg = Release|Win32
		{CDF13444-2173-4B9D-B158-8B764A1948B7}.Template|x64.Build.0 = Release|Win32
		{7D0CFC72-89B7-48DE-B0DB-98D37E51C6D4}.Debug|Win32.ActiveCfg = Debug|Win32
		{7D0CFC72-89B7-48DE-B0DB-98D37E51C6D4}.Debug|Win32.Build.0 = Debug|Win32
		{7D0CFC72-89B7-48DE-B0DB-98D37E51C6D4}.Debug|x64.ActiveCfg = Debug|Win32
		{7D0CFC72-89B7-48DE-B0DB-98D37E51C6D4}.Release|Win32.ActiveCfg = Release|Win32
		{7D0CFC72-89B7-48DE-B0DB-98D37E51C6D4}.Release|Win32.Build.0 = Release|Win32
		{7D0CFC72-89B7-48DE-B0DB-98D37E51C6D4}.Release|x64.ActiveCfg = Release|Win32
		{7D0CFC72-89B7-48DE-B0DB-98D37E51C6D4}.Remote_Debug_Test|Win32.ActiveCfg = Remote_Debug|Win32
		{7D0CFC72-89B7-48DE-B0DB-98D37E51C6D4}.Remote_Debug_Test|Win32.Build.0 = Remote_Debug|Win32
		{7D0CFC72-89B7-48DE-B0DB-98D37E51C6D4}.Remote_Debug_Test|x64.ActiveCfg = Remote_Release|Win32
		{7D0CFC72-89B7-48DE-B0DB-98D37E51C6D4}.Remote_Debug_Test|x64.Build.0 = Remote_Release|Win32
		{7D0CFC72-89B7-48DE-B0DB-98D37E51C6D4}.Remote_Debug|Win32.ActiveCfg = Remote_Debug|Win32
		{7D0CFC72-89B7-48DE-B0DB-98D37E51C6D4}.Remote_Debug|Win32.Build.0 = Remote_Debug|Win32
		{7D0CFC72-89B7-48DE-B0DB-98D37E51C6D4}.Remote_Debug|x64.ActiveCfg = Remote_Debug|Win32
		{7D0CFC72-89B7-48DE-B0DB-98D37E51C6D4}.Remote_Release|Win32.ActiveCfg = Remote_Release|Win32
		{7D0CFC72-89B7-48DE-B0DB-98D37E51C6D4}.Remote_Release|Win32.Build.0 = Remote_Release|Win32
		{7D0CFC72-89B7-48DE-B0DB-98D37E51C6D4}.Remote_Release|x64.ActiveCfg = Remote_Release|Win32
		{7D0CFC72-89B7-48DE-B0DB-98D37E51C6D4}.RemoteDebug|Win32.ActiveCfg = Remote_Debug|Win32
		{7D0CFC72-89B7-48DE-B0DB-98D37E51C6D4}.RemoteDebug|Win32.Build.0 = Remote_Debug|Win32
		{7D0CFC72-89B7-48DE-B0DB-98D37E51C6D4}.RemoteDebug|x64.ActiveCfg = Release|Win32
		{7D0CFC72-89B7-48DE-B0DB-98D37E51C6D4}.RemoteDebug|x64.Build.0 = Release|Win32
		{7D0CFC72-89B7-48DE-B0DB-98D37E51C6D4}.RemoteRelase_1|Win32.ActiveCfg = Remote_Release|Win32
		{7D0CFC72-89B7-48DE-B0DB-98D37E51C6D4}.RemoteRelase_1|Win32.Build.0 = Remote_Release|Win32
		{7D0CFC72-89B7-48DE-B0DB-98D37E51C6D4}.RemoteRelase_1|x64.ActiveCfg = Remote_Release|Win32
		{7D0CFC72-89B7-48DE-B0DB-98D37E51C6D4}.RemoteRelase_1|x64.Build.0 = Remote_Release|Win32
		{7D0CFC72-89B7-48DE-B0DB-98D37E51C6D4}.Template|Win32.ActiveCfg = Release|Win32
		{7D0CFC72-89B7-48DE-B0DB-98D37E51C6D4}.Template|Win32.Build.0 = Release|Win32
		{7D0CFC72-89B7-48DE-B0DB-98D37E51C6D4}.Template|x64.ActiveCfg = Release|Win32
		{7D0CFC72-89B7-48DE-B0DB-98D37E51C6D4}.Template|x64.Build.0 = Release|Win32
		{B760AACB-3C1A-4863-90E0-E248636B83D2}.Debug|Win32.ActiveCfg = Debug|Win32
		{B760AACB-3C1A-4863-90E0-E248636B83D2}.Debug|Win32.Build.0 = Debug|Win32
		{B760AACB-3C1A-4863-90E0-E248636B83D2}.Debug|x64.ActiveCfg = Debug|Win32
		{B760AACB-3C1A-4863-90E0-E248636B83D2}.Release|Win32.ActiveCfg = Release|Win32
		{B760AACB-3C1A-4863-90E0-E248636B83D2}.Release|Win32.Build.0 = Release|Win32
		{B760AACB-3C1A-4863-90E0-E248636B83D2}.Release|x64.ActiveCfg = Release|Win32
		{B760AACB-3C1A-4863-90E0-E248636B83D2}.Remote_Debug_Test|Win32.ActiveCfg = Remote_Debug|Win32
		{B760AACB-3C1A-4863-90E0-E248636B83D2}.Remote_Debug_Test|Win32.Build.0 = Remote_Debug|Win32
		{B760AACB-3C1A-4863-90E0-E248636B83D2}.Remote_Debug_Test|x64.ActiveCfg = Remote_Release|Win32
		{B760AACB-3C1A-4863-90E0-E248636B83D2}.Remote_Debug_Test|x64.Build.0 = Remote_Release|Win32
		{B760AACB-3C1A-4863-90E0-E248636B83D2}.Remote_Debug|Win32.ActiveCfg = Remote_Debug|Win32
		{B760AACB-3C1A-4863-90E0-E248636B83D2}.Remote_Debug|Win32.Build.0 = Remote_Debug|Win32
		{B760AACB-3C1A-4863-90E0-E248636B83D2}.Remote_Debug|x64.ActiveCfg = Remote_Debug|Win32
		{B760AACB-3C1A-4863-90E0-E248636B83D2}.Remote_Release|Win32.ActiveCfg = Remote_Release|Win32
		{B760AACB-3C1A-4863-90E0-E248636B83D2}.Remote_Release|Win32.Build.0 = Remote_Release|Win32
		{B760AACB-3C1A-4863-90E0-E248636B83D2}.Remote_Release|x64.ActiveCfg = Remote_Release|Win32
		{B760AACB-3C1A-4863-90E0-E248636B83D2}.RemoteDebug|Win32.ActiveCfg = Remote_Debug|Win32
		{B760AACB-3C1A-4863-90E0-E248636B83D2}.RemoteDebug|Win32.Build.0 = Remote_Debug|Win32
		{B760AACB-3C1A-4863-90E0-E248636B83D2}.RemoteDebug|x64.ActiveCfg = Release|Win32
		{B760AACB-3C1A-4863-90E0-E248636B83D2}.RemoteDebug|x64.Build.0 = Release|Win32
		{B760AACB-3C1A-4863-90E0-E248636B83D2}.RemoteRelase_1|Win32.ActiveCfg = Remote_Release|Win32
		{B760AACB-3C1A-4863-90E0-E248636B83D2}.RemoteRelase_1|Win32.Build.0 = Remote_Release|Win32
		{B760AACB-3C1A-4863-90E0-E248636B83D2}.RemoteRelase_1|x64.ActiveCfg = Remote_Release|Win32
		{B760AACB-3C1A-4863-90E0-E248636B83D2}.RemoteRelase_1|x64.Build.0 = Remote_Release|Win32
		{B760AACB-3C1A-4863-90E0-E248636B83D2}.Template|Win32.ActiveCfg = Release|Win32
		{B760AACB-3C1A-4863-90E0-E248636B83D2}.Template|Win32.Build.0 = Release|Win32
		{B760AACB-3C1A-4863-90E0-E248636B83D2}.Template|x64.ActiveCfg = Release|Win32
		{B760AACB-3C1A-4863-90E0-E248636B83D2}.Template|x64.Build.0 = Release|Win32
		{4EB76C28-AFAE-4810-D7D3-989B4A2D35B8}.Debug|Win32.ActiveCfg = Debug|Win32
		{4EB76C28-AFAE-4810-D7D3-989B4A2D35B8}.Debug|Win32.Build.0 = Debug|Win32
		{4EB76C28-AFAE-4810-D7D3-989B4A2D35B8}.Debug|x64.ActiveCfg = Debug|Win32
		{4EB76C28-AFAE-4810-D7D3-989B4A2D35B8}.Release|Win32.ActiveCfg = Release|Win32
		{4EB76C28-AFAE-4810-D7D3-989B4A2D35B8}.Release|Win32.Build.0 = Release|Win32
		{4EB76C28-AFAE-4810-D7D3-989B4A2D35B8}.Release|x64.ActiveCfg = Release|Win32
		{4EB76C28-AFAE-4810-D7D3-989B4A2D35B8}.Remote_Debug_Test|Win32.ActiveCfg = Remote_Debug|Win32
		{4EB76C28-AFAE-4810-D7D3-989B4A2D35B8}.Remote_Debug_Test|Win32.Build.0 = Remote_Debug|Win32
		{4EB76C28-AFAE-4810-D7D3-989B4A2D35B8}.Remote_Debug_Test|x64.ActiveCfg = Remote_Release|Win32
		{4EB76C28-AFAE-4810-D7D3-989B4A2D35B8}.Remote_Debug_Test|x64.Build.0 = Remote_Release|Win32
		{4EB76C28-AFAE-4810-D7D3-989B4A2D35B8}.Remote_Debug|Win32.ActiveCfg = Remote_Debug|Win32
		{4EB76C28-AFAE-4810-D7D3-989B4A2D35B8}.Remote_Debug|Win32.Build.0 = Remote_Debug|Win32
		{4EB76C28-AFAE-4810-D7D3-989B4A2D35B8}.Remote_Debug|x64.ActiveCfg = Remote_Debug|Win32
		{4EB76C28-AFAE-4810-D7D3-989B4A2D35B8}.Remote_Release|Win32.ActiveCfg = Remote_Release|Win32
		{4EB76C28-AFAE-4810-D7D3-989B4A2D35B8}.Remote_Release|Win32.Build.0 = Remote_Release|Win32
		{4EB76C28-AFAE-4810-D7D3-989B4A2D35B8}.Remote_Release|x64.ActiveCfg = Remote_Release|Win32
		{4EB76C28-AFAE-4810-D7D3-989B4A2D35B8}.RemoteDebug|Win32.ActiveCfg = Remote_Debug|Win32
		{4EB76C28-AFAE-4810-D7D3-989B4A2D35B8}.RemoteDebug|Win32.Build.0 = Remote_Debug|Win32
		{4EB76C28-AFAE-4810-D7D3-989B4A2D35B8}.RemoteDebug|x64.ActiveCfg = Release|Win32
		{4EB76C28-AFAE-4810-D7D3-989B4A2D35B8}.RemoteDebug|x64.Build.0 = Release|Win32
		{4EB76C28-AFAE-4810-D7D3-989B4A2D35B8}.RemoteRelase_1|Win32.ActiveCfg = Remote_Release|Win32
		{4EB76C28-AFAE-4810-D7D3-989B4A2D35B8}.RemoteRelase_1|Win32.Build.0 = Remote_Release|Win32
		{4EB76C28-AFAE-4810-D7D3-989B4A2D35B8}.RemoteRelase_1|x64.ActiveCfg = Remote_Release|Win32
		{4EB76C28-AFAE-4810-D7D3-989B4A2D35B8}.RemoteRelase_1|x64.Build.0 = Remote_Release|Win32
		{4EB76C28-AFAE-4810-D7D3-989B4A2D35B8}.Template|Win32.ActiveCfg = Release|Win32
		{4EB76C28-AFAE-4810-D7D3-989B4A2D35B8}.Template|Win32.Build.0 = Release|Win32
		{4EB76C28-AFAE-4810-D7D3-989B4A2D35B8}.Template|x64.ActiveCfg = Release|Win32
		{4EB76C28-AFAE-4810-D7D3-989B4A2D35B8}.Template|x64.Build.0 = Release|Win32
		{99343BA0-607C-47B3-A106-C3AE7ED23C41}.Debug|Win32.ActiveCfg = Debug|Win32
		{99343BA0-607C-47B3-A106-C3AE7ED23C41}.Debug|Win32.Build.0 = Debug|Win32
		{99343BA0-607C-47B3-A106-C3AE7ED23C41}.Debug|x64.ActiveCfg = Debug|Win32
		{99343BA0-607C-47B3-A106-C3AE7ED23C41}.Release|Win32.ActiveCfg = Release|Win32
		{99343BA0-607C-47B3-A106-C3AE7ED23C41}.Release|Win32.Build.0 = Release|Win32
		{99343BA0-607C-47B3-A106-C3AE7ED23C41}.Release|x64.ActiveCfg = Release|Win32
		{99343BA0-607C-47B3-A106-C3AE7ED23C41}.Remote_Debug_Test|Win32.ActiveCfg = Remote_Debug|Win32
		{99343BA0-607C-47B3-A106-C3AE7ED23C41}.Remote_Debug_Test|Win32.Build.0 = Remote_Debug|Win32
		{99343BA0-607C-47B3-A106-C3AE7ED23C41}.Remote_Debug_Test|x64.ActiveCfg = Remote_Release|Win32
		{99343BA0-607C-47B3-A106-C3AE7ED23C41}.Remote_Debug_Test|x64.Build.0 = Remote_Release|Win32
		{99343BA0-607C-47B3-A106-C3AE7ED23C41}.Remote_Debug|Win32.ActiveCfg = Remote_Debug|Win32
		{99343BA0-607C-47B3-A106-C3AE7ED23C41}.Remote_Debug|Win32.Build.0 = Remote_Debug|Win32
		{99343BA0-607C-47B3-A106-C3AE7ED23C41}.Remote_Debug|x64.ActiveCfg = Remote_Debug|Win32
		{99343BA0-607C-47B3-A106-C3AE7ED23C41}.Remote_Release|Win32.ActiveCfg = Remote_Release|Win32
		{99343BA0-607C-47B3-A106-C3AE7ED23C41}.Remote_Release|Win32.Build.0 = Remote_Release|Win32
		{99343BA0-607C-47B3-A106-C3AE7ED23C41}.Remote_Release|x64.ActiveCfg = Remote_Release|Win32
		{99343BA0-607C-47B3-A106-C3AE7ED23C41}.RemoteDebug|Win32.ActiveCfg = Remote_Debug|Win32
		{99343BA0-607C-47B3-A106-C3AE7ED23C41}.RemoteDebug|Win32.Build.0 = Remote_Debug|Win32
		{99343BA0-607C-47B3-A106-C3AE7ED23C41}.RemoteDebug|x64.ActiveCfg = Release|Win32
		{99343BA0-607C-47B3-A106-C3AE7ED23C41}.RemoteDebug|x64.Build.0 = Release|Win32
		{99343BA0-607C-47B3-A106-C3AE7ED23C41}.RemoteRelase_1|Win32.ActiveCfg = Remote_Release|Win32
		{99343BA0-607C-47B3-A106-C3AE7ED23C41}.RemoteRelase_1|Win32.Build.0 = Remote_Release|Win32
		{99343BA0-607C-47B3-A106-C3AE7ED23C41}.RemoteRelase_1|x64.ActiveCfg = Remote_Release|Win32
		{99343BA0-607C-47B3-A106-C3AE7ED23C41}.RemoteRelase_1|x64.Build.0 = Remote_Release|Win32
		{99343BA0-607C-47B3-A106-C3AE7ED23C41}.Template|Win32.ActiveCfg = Release|Win32
		{99343BA0-607C-47B3-A106-C3AE7ED23C41}.Template|Win32.Build.0 = Release|Win32
		{99343BA0-607C-47B3-A106-C3AE7ED23C41}.Template|x64.ActiveCfg = Release|Win32
		{99343BA0-607C-47B3-A106-C3AE7ED23C41}.Template|x64.Build.0 = Release|Win32
		{F24BE8AC-7011-49B7-8061-4D475FC22D7B}.Debug|Win32.ActiveCfg = Debug|Win32
		{F24BE8AC-7011-49B7-8061-4D475FC22D7B}.Debug|Win32.Build.0 = Debug|Win32
		{F24BE8AC-7011-49B7-8061-4D475FC22D7B}.Debug|x64.ActiveCfg = Debug|Win32
		{F24BE8AC-7011-49B7-8061-4D475FC22D7B}.Release|Win32.ActiveCfg = Release|Win32
		{F24BE8AC-7011-49B7-8061-4D475FC22D7B}.Release|Win32.Build.0 = Release|Win32
		{F24BE8AC-7011-49B7-8061-4D475FC22D7B}.Release|x64.ActiveCfg = Release|Win32
		{F24BE8AC-7011-49B7-8061-4D475FC22D7B}.Remote_Debug_Test|Win32.ActiveCfg = Remote_Debug|Win32
		{F24BE8AC-7011-49B7-8061-4D475FC22D7B}.Remote_Debug_Test|Win32.Build.0 = Remote_Debug|Win32
		{F24BE8AC-7011-49B7-8061-4D475FC22D7B}.Remote_Debug_Test|x64.ActiveCfg = Remote_Release|Win32
		{F24BE8AC-7011-49B7-8061-4D475FC22D7B}.Remote_Debug_Test|x64.Build.0 = Remote_Release|Win32
		{F24BE8AC-7011-49B7-8061-4D475FC22D7B}.Remote_Debug|Win32.ActiveCfg = Remote_Debug|Win32
		{F24BE8AC-7011-49B7-8061-4D475FC22D7B}.Remote_Debug|Win32.Build.0 = Remote_Debug|Win32
		{F24BE8AC-7011-49B7-8061-4D475FC22D7B}.Remote_Debug|x64.ActiveCfg = Remote_Debug|Win32
		{F24BE8AC-7011-49B7-8061-4D475FC22D7B}.Remote_Release|Win32.ActiveCfg = Remote_Release|Win32
		{F24BE8AC-7011-49B7-8061-4D475FC22D7B}.Remote_Release|Win32.Build.0 = Remote_Release|Win32
		{F24BE8AC-7011-49B7-8061-4D475FC22D7B}.Remote_Release|x64.ActiveCfg = Remote_Release|Win32
		{F24BE8AC-7011-49B7-8061-4D475FC22D7B}.RemoteDebug|Win32.ActiveCfg = Remote_Debug|Win32
		{F24BE8AC-7011-49B7-8061-4D475FC22D7B}.RemoteDebug|Win32.Build.0 = Remote_Debug|Win32
		{F24BE8AC-7011-49B7-8061-4D475FC22D7B}.RemoteDebug|x64.ActiveCfg = Release|Win32
		{F24BE8AC-7011-49B7-8061-4D475FC22D7B}.RemoteDebug|x64.Build.0 = Release|Win32
		{F24BE8AC-7011-49B7-8061-4D475FC22D7B}.RemoteRelase_1|Win32.ActiveCfg = Remote_Release|Win32
		{F24BE8AC-7011-49B7-8061-4D475FC22D7B}.RemoteRelase_1|Win32.Build.0 = Remote_Release|Win32
		{F24BE8AC-7011-49B7-8061-4D475FC22D7B}.RemoteRelase_1|x64.ActiveCfg = Remote_Release|Win32
		{F24BE8AC-7011-49B7-8061-4D475FC22D7B}.RemoteRelase_1|x64.Build.0 = Remote_Release|Win32
		{F24BE8AC-7011-49B7-8061-4D475FC22D7B}.Template|Win32.ActiveCfg = Release|Win32
		{F24BE8AC-7011-49B7-8061-4D475FC22D7B}.Template|Win32.Build.0 = Release|Win32
		{F24BE8AC-7011-49B7-8061-4D475FC22D7B}.Template|x64.ActiveCfg = Release|Win32
		{F24BE8AC-7011-49B7-8061-4D475FC22D7B}.Template|x64.Build.0 = Release|Win32
		{AB948719-8F2D-4191-A89A-6E0D896369BA}.Debug|Win32.ActiveCfg = Debug|Win32
		{AB948719-8F2D-4191-A89A-6E0D896369BA}.Debug|Win32.Build.0 = Debug|Win32
		{AB948719-8F2D-4191-A89A-6E0D896369BA}.Debug|x64.ActiveCfg = Debug|Win32
		{AB948719-8F2D-4191-A89A-6E0D896369BA}.Release|Win32.ActiveCfg = Release|Win32
		{AB948719-8F2D-4191-A89A-6E0D896369BA}.Release|Win32.Build.0 = Release|Win32
		{AB948719-8F2D-4191-A89A-6E0D896369BA}.Release|x64.ActiveCfg = Release|Win32
		{AB948719-8F2D-4191-A89A-6E0D896369BA}.Remote_Debug_Test|Win32.ActiveCfg = Remote_Debug|Win32
		{AB948719-8F2D-4191-A89A-6E0D896369BA}.Remote_Debug_Test|Win32.Build.0 = Remote_Debug|Win32
		{AB948719-8F2D-4191-A89A-6E0D896369BA}.Remote_Debug_Test|x64.ActiveCfg = Remote_Release|Win32
		{AB948719-8F2D-4191-A89A-6E0D896369BA}.Remote_Debug_Test|x64.Build.0 = Remote_Release|Win32
		{AB948719-8F2D-4191-A89A-6E0D896369BA}.Remote_Debug|Win32.ActiveCfg = Remote_Debug|Win32
		{AB948719-8F2D-4191-A89A-6E0D896369BA}.Remote_Debug|Win32.Build.0 = Remote_Debug|Win32
		{AB948719-8F2D-4191-A89A-6E0D896369BA}.Remote_Debug|x64.ActiveCfg = Remote_Debug|Win32
		{AB948719-8F2D-4191-A89A-6E0D896369BA}.Remote_Release|Win32.ActiveCfg = Remote_Release|Win32
		{AB948719-8F2D-4191-A89A-6E0D896369BA}.Remote_Release|Win32.Build.0 = Remote_Release|Win32
		{AB948719-8F2D-4191-A89A-6E0D896369BA}.Remote_Release|x64.ActiveCfg = Remote_Release|Win32
		{AB948719-8F2D-4191-A89A-6E0D896369BA}.RemoteDebug|Win32.ActiveCfg = Remote_Debug|Win32
		{AB948719-8F2D-4191-A89A-6E0D896369BA}.RemoteDebug|Win32.Build.0 = Remote_Debug|Win32
		{AB948719-8F2D-4191-A89A-6E0D896369BA}.RemoteDebug|x64.ActiveCfg = Release|Win32
		{AB948719-8F2D-4191-A89A-6E0D896369BA}.RemoteDebug|x64.Build.0 = Release|Win32
		{AB948719-8F2D-4191-A89A-6E0D896369BA}.RemoteRelase_1|Win32.ActiveCfg = Remote_Release|Win32
		{AB948719-8F2D-4191-A89A-6E0D896369BA}.RemoteRelase_1|Win32.Build.0 = Remote_Release|Win32
		{AB948719-8F2D-4191-A89A-6E0D896369BA}.RemoteRelase_1|x64.ActiveCfg = Remote_Release|Win32
		{AB948719-8F2D-4191-A89A-6E0D896369BA}.RemoteRelase_1|x64.Build.0 = Remote_Release|Win32
		{AB948719-8F2D-4191-A89A-6E0D896369BA}.Template|Win32.ActiveCfg = Release|Win32
		{AB948719-8F2D-4191-A89A-6E0D896369BA}.Template|Win32.Build.0 = Release|Win32
		{AB948719-8F2D-4191-A89A-6E0D896369BA}.Template|x64.ActiveCfg = Release|Win32
		{AB948719-8F2D-4191-A89A-6E0D896369BA}.Template|x64.Build.0 = Release|Win32
		{F43993FC-6FDE-4C40-A4C3-32D11748AEF1}.Debug|Win32.ActiveCfg = Debug|Win32
		{F43993FC-6FDE-4C40-A4C3-32D11748AEF1}.Debug|Win32.Build.0 = Debug|Win32
		{F43993FC-6FDE-4C40-A4C3-32D11748AEF1}.Debug|x64.ActiveCfg = Debug|Win32
		{F43993FC-6FDE-4C40-A4C3-32D11748AEF1}.Release|Win32.ActiveCfg = Release|Win32
		{F43993FC-6FDE-4C40-A4C3-32D11748AEF1}.Release|Win32.Build.0 = Release|Win32
		{F43993FC-6FDE-4C40-A4C3-32D11748AEF1}.Release|x64.ActiveCfg = Release|Win32
		{F43993FC-6FDE-4C40-A4C3-32D11748AEF1}.Remote_Debug_Test|Win32.ActiveCfg = Remote_Debug|Win32
		{F43993FC-6FDE-4C40-A4C3-32D11748AEF1}.Remote_Debug_Test|Win32.Build.0 = Remote_Debug|Win32
		{F43993FC-6FDE-4C40-A4C3-32D11748AEF1}.Remote_Debug_Test|x64.ActiveCfg = Remote_Release|Win32
		{F43993FC-6FDE-4C40-A4C3-32D11748AEF1}.Remote_Debug_Test|x64.Build.0 = Remote_Release|Win32
		{F43993FC-6FDE-4C40-A4C3-32D11748AEF1}.Remote_Debug|Win32.ActiveCfg = Remote_Debug|Win32
		{F43993FC-6FDE-4C40-A4C3-32D11748AEF1}.Remote_Debug|Win32.Build.0 = Remote_Debug|Win32
		{F43993FC-6FDE-4C40-A4C3-32D11748AEF1}.Remote_Debug|x64.ActiveCfg = Remote_Debug|Win32
		{F43993FC-6FDE-4C40-A4C3-32D11748AEF1}.Remote_Release|Win32.ActiveCfg = Remote_Release|Win32
		{F43993FC-6FDE-4C40-A4C3-32D11748AEF1}.Remote_Release|Win32.Build.0 = Remote_Release|Win32
		{F43993FC-6FDE-4C40-A4C3-32D11748AEF1}.Remote_Release|x64.ActiveCfg = Remote_Release|Win32
		{F43993FC-6FDE-4C40-A4C3-32D11748AEF1}.RemoteDebug|Win32.ActiveCfg = Remote_Debug|Win32
		{F43993FC-6FDE-4C40-A4C3-32D11748AEF1}.RemoteDebug|Win32.Build.0 = Remote_Debug|Win32
		{F43993FC-6FDE-4C40-A4C3-32D11748AEF1}.RemoteDebug|x64.ActiveCfg = Release|Win32
		{F43993FC-6FDE-4C40-A4C3-32D11748AEF1}.RemoteDebug|x64.Build.0 = Release|Win32
		{F43993FC-6FDE-4C40-A4C3-32D11748AEF1}.RemoteRelase_1|Win32.ActiveCfg = Remote_Release|Win32
		{F43993FC-6FDE-4C40-A4C3-32D11748AEF1}.RemoteRelase_1|Win32.Build.0 = Remote_Release|Win32
		{F43993FC-6FDE-4C40-A4C3-32D11748AEF1}.RemoteRelase_1|x64.ActiveCfg = Remote_Release|Win32
		{F43993FC-6FDE-4C40-A4C3-32D11748AEF1}.RemoteRelase_1|x64.Build.0 = Remote_Release|Win32
		{F43993FC-6FDE-4C40-A4C3-32D11748AEF1}.Template|Win32.ActiveCfg = Release|Win32
		{F43993FC-6FDE-4C40-A4C3-32D11748AEF1}.Template|Win32.Build.0 = Release|Win32
		{F43993FC-6FDE-4C40-A4C3-32D11748AEF1}.Template|x64.ActiveCfg = Release|Win32
		{F43993FC-6FDE-4C40-A4C3-32D11748AEF1}.Template|x64.Build.0 = Release|Win32
		{DD5BC30D-4563-42B6-BD96-BE8BCB035354}.Debug|Win32.ActiveCfg = Debug|Win32
		{DD5BC30D-4563-42B6-BD96-BE8BCB035354}.Debug|Win32.Build.0 = Debug|Win32
		{DD5BC30D-4563-42B6-BD96-BE8BCB035354}.Debug|x64.ActiveCfg = Debug|Win32
		{DD5BC30D-4563-42B6-BD96-BE8BCB035354}.Release|Win32.ActiveCfg = Release|Win32
		{DD5BC30D-4563-42B6-BD96-BE8BCB035354}.Release|Win32.Build.0 = Release|Win32
		{DD5BC30D-4563-42B6-BD96-BE8BCB035354}.Release|x64.ActiveCfg = Release|Win32
		{DD5BC30D-4563-42B6-BD96-BE8BCB035354}.Remote_Debug_Test|Win32.ActiveCfg = Remote_Debug|Win32
		{DD5BC30D-4563-42B6-BD96-BE8BCB035354}.Remote_Debug_Test|Win32.Build.0 = Remote_Debug|Win32
		{DD5BC30D-4563-42B6-BD96-BE8BCB035354}.Remote_Debug_Test|x64.ActiveCfg = Remote_Release|Win32
		{DD5BC30D-4563-42B6-BD96-BE8BCB035354}.Remote_Debug_Test|x64.Build.0 = Remote_Release|Win32
		{DD5BC30D-4563-42B6-BD96-BE8BCB035354}.Remote_Debug|Win32.ActiveCfg = Remote_Debug|Win32
		{DD5BC30D-4563-42B6-BD96-BE8BCB035354}.Remote_Debug|Win32.Build.0 = Remote_Debug|Win32
		{DD5BC30D-4563-42B6-BD96-BE8BCB035354}.Remote_Debug|x64.ActiveCfg = Remote_Debug|Win32
		{DD5BC30D-4563-42B6-BD96-BE8BCB035354}.Remote_Release|Win32.ActiveCfg = Remote_Release|Win32
		{DD5BC30D-4563-42B6-BD96-BE8BCB035354}.Remote_Release|Win32.Build.0 = Remote_Release|Win32
		{DD5BC30D-4563-42B6-BD96-BE8BCB035354}.Remote_Release|x64.ActiveCfg = Remote_Release|Win32
		{DD5BC30D-4563-42B6-BD96-BE8BCB035354}.RemoteDebug|Win32.ActiveCfg = Remote_Debug|Win32
		{DD5BC30D-4563-42B6-BD96-BE8BCB035354}.RemoteDebug|Win32.Build.0 = Remote_Debug|Win32
		{DD5BC30D-4563-42B6-BD96-BE8BCB035354}.RemoteDebug|x64.ActiveCfg = Release|Win32
		{DD5BC30D-4563-42B6-BD96-BE8BCB035354}.RemoteDebug|x64.Build.0 = Release|Win32
		{DD5BC30D-4563-42B6-BD96-BE8BCB035354}.RemoteRelase_1|Win32.ActiveCfg = Remote_Release|Win32
		{DD5BC30D-4563-42B6-BD96-BE8BCB035354}.RemoteRelase_1|Win32.Build.0 = Remote_Release|Win32
		{DD5BC30D-4563-42B6-BD96-BE8BCB035354}.RemoteRelase_1|x64.ActiveCfg = Remote_Release|Win32
		{DD5BC30D-4563-42B6-BD96-BE8BCB035354}.RemoteRelase_1|x64.Build.0 = Remote_Release|Win32
		{DD5BC30D-4563-42B6-BD96-BE8BCB035354}.Template|Win32.ActiveCfg = Release|Win32
		{DD5BC30D-4563-42B6-BD96-BE8BCB035354}.Template|Win32.Build.0 = Release|Win32
		{DD5BC30D-4563-42B6-BD96-BE8BCB035354}.Template|x64.ActiveCfg = Release|Win32
		{DD5BC30D-4563-42B6-BD96-BE8BCB035354}.Template|x64.Build.0 = Release|Win32
		{D9863B8D-D57F-4DDF-9FA0-A020C72B864E}.Debug|Win32.ActiveCfg = Debug|Win32
		{D9863B8D-D57F-4DDF-9FA0-A020C72B864E}.Debug|Win32.Build.0 = Debug|Win32
		{D9863B8D-D57F-4DDF-9FA0-A020C72B864E}.Debug|x64.ActiveCfg = Debug|Win32
		{D9863B8D-D57F-4DDF-9FA0-A020C72B864E}.Release|Win32.ActiveCfg = Release|Win32
		{D9863B8D-D57F-4DDF-9FA0-A020C72B864E}.Release|Win32.Build.0 = Release|Win32
		{D9863B8D-D57F-4DDF-9FA0-A020C72B864E}.Release|x64.ActiveCfg = Release|Win32
		{D9863B8D-D57F-4DDF-9FA0-A020C72B864E}.Remote_Debug_Test|Win32.ActiveCfg = Remote_Debug|Win32
		{D9863B8D-D57F-4DDF-9FA0-A020C72B864E}.Remote_Debug_Test|Win32.Build.0 = Remote_Debug|Win32
		{D9863B8D-D57F-4DDF-9FA0-A020C72B864E}.Remote_Debug_Test|x64.ActiveCfg = Remote_Release|Win32
		{D9863B8D-D57F-4DDF-9FA0-A020C72B864E}.Remote_Debug_Test|x64.Build.0 = Remote_Release|Win32
		{D9863B8D-D57F-4DDF-9FA0-A020C72B864E}.Remote_Debug|Win32.ActiveCfg = Remote_Debug|Win32
		{D9863B8D-D57F-4DDF-9FA0-A020C72B864E}.Remote_Debug|Win32.Build.0 = Remote_Debug|Win32
		{D9863B8D-D57F-4DDF-9FA0-A020C72B864E}.Remote_Debug|x64.ActiveCfg = Remote_Debug|Win32
		{D9863B8D-D57F-4DDF-9FA0-A020C72B864E}.Remote_Release|Win32.ActiveCfg = Remote_Release|Win32
		{D9863B8D-D57F-4DDF-9FA0-A020C72B864E}.Remote_Release|Win32.Build.0 = Remote_Release|Win32
		{D9863B8D-D57F-4DDF-9FA0-A020C72B864E}.Remote_Release|x64.ActiveCfg = Remote_Release|Win32
		{D9863B8D-D57F-4DDF-9FA0-A020C72B864E}.RemoteDebug|Win32.ActiveCfg = Remote_Debug|Win32
		{D9863B8D-D57F-4DDF-9FA0-A020C72B864E}.RemoteDebug|Win32.Build.0 = Remote_Debug|Win32
		{D9863B8D-D57F-4DDF-9FA0-A020C72B864E}.RemoteDebug|x64.ActiveCfg = Release|Win32
		{D9863B8D-D57F-4DDF-9FA0-A020C72B864E}.RemoteDebug|x64.Build.0 = Release|Win32
		{D9863B8D-D57F-4DDF-9FA0-A020C72B864E}.RemoteRelase_1|Win32.ActiveCfg = Remote_Release|Win32
		{D9863B8D-D57F-4DDF-9FA0-A020C72B864E}.RemoteRelase_1|Win32.Build.0 = Remote_Release|Win32
		{D9863B8D-D57F-4DDF-9FA0-A020C72B864E}.RemoteRelase_1|x64.ActiveCfg = Remote_Release|Win32
		{D9863B8D-D57F-4DDF-9FA0-A020C72B864E}.RemoteRelase_1|x64.Build.0 = Remote_Release|Win32
		{D9863B8D-D57F-4DDF-9FA0-A020C72B864E}.Template|Win32.ActiveCfg = Release|Win32
		{D9863B8D-D57F-4DDF-9FA0-A020C72B864E}.Template|Win32.Build.0 = Release|Win32
		{D9863B8D-D57F-4DDF-9FA0-A020C72B864E}.Template|x64.ActiveCfg = Release|Win32
		{D9863B8D-D57F-4DDF-9FA0-A020C72B864E}.Template|x64.Build.0 = Release|Win32
		{F6E1254A-B885-4C9F-B2A0-FB6681814309}.Debug|Win32.ActiveCfg = Debug|Win32
		{F6E1254A-B885-4C9F-B2A0-FB6681814309}.Debug|Win32.Build.0 = Debug|Win32
		{F6E1254A-B885-4C9F-B2A0-FB6681814309}.Debug|x64.ActiveCfg = Debug|Win32
		{F6E1254A-B885-4C9F-B2A0-FB6681814309}.Release|Win32.ActiveCfg = Release|Win32
		{F6E1254A-B885-4C9F-B2A0-FB6681814309}.Release|Win32.Build.0 = Release|Win32
		{F6E1254A-B885-4C9F-B2A0-FB6681814309}.Release|x64.ActiveCfg = Release|Win32
		{F6E1254A-B885-4C9F-B2A0-FB6681814309}.Remote_Debug_Test|Win32.ActiveCfg = RemoteDebug|Win32
		{F6E1254A-B885-4C9F-B2A0-FB6681814309}.Remote_Debug_Test|Win32.Build.0 = RemoteDebug|Win32
		{F6E1254A-B885-4C9F-B2A0-FB6681814309}.Remote_Debug_Test|x64.ActiveCfg = RemoteDebug|Win32
		{F6E1254A-B885-4C9F-B2A0-FB6681814309}.Remote_Debug_Test|x64.Build.0 = RemoteDebug|Win32
		{F6E1254A-B885-4C9F-B2A0-FB6681814309}.Remote_Debug|Win32.ActiveCfg = RemoteDebug|Win32
		{F6E1254A-B885-4C9F-B2A0-FB6681814309}.Remote_Debug|Win32.Build.0 = RemoteDebug|Win32
		{F6E1254A-B885-4C9F-B2A0-FB6681814309}.Remote_Debug|x64.ActiveCfg = RemoteDebug|Win32
		{F6E1254A-B885-4C9F-B2A0-FB6681814309}.Remote_Debug|x64.Build.0 = RemoteDebug|Win32
		{F6E1254A-B885-4C9F-B2A0-FB6681814309}.Remote_Release|Win32.ActiveCfg = Release|Win32
		{F6E1254A-B885-4C9F-B2A0-FB6681814309}.Remote_Release|Win32.Build.0 = Release|Win32
		{F6E1254A-B885-4C9F-B2A0-FB6681814309}.Remote_Release|x64.ActiveCfg = RemoteDebug|Win32
		{F6E1254A-B885-4C9F-B2A0-FB6681814309}.Remote_Release|x64.Build.0 = RemoteDebug|Win32
		{F6E1254A-B885-4C9F-B2A0-FB6681814309}.RemoteDebug|Win32.ActiveCfg = RemoteDebug|Win32
		{F6E1254A-B885-4C9F-B2A0-FB6681814309}.RemoteDebug|Win32.Build.0 = RemoteDebug|Win32
		{F6E1254A-B885-4C9F-B2A0-FB6681814309}.RemoteDebug|x64.ActiveCfg = RemoteDebug|Win32
		{F6E1254A-B885-4C9F-B2A0-FB6681814309}.RemoteRelase_1|Win32.ActiveCfg = RemoteDebug|Win32
		{F6E1254A-B885-4C9F-B2A0-FB6681814309}.RemoteRelase_1|Win32.Build.0 = RemoteDebug|Win32
		{F6E1254A-B885-4C9F-B2A0-FB6681814309}.RemoteRelase_1|x64.ActiveCfg = RemoteDebug|Win32
		{F6E1254A-B885-4C9F-B2A0-FB6681814309}.RemoteRelase_1|x64.Build.0 = RemoteDebug|Win32
		{F6E1254A-B885-4C9F-B2A0-FB6681814309}.Template|Win32.ActiveCfg = RemoteDebug|Win32
		{F6E1254A-B885-4C9F-B2A0-FB6681814309}.Template|Win32.Build.0 = RemoteDebug|Win32
		{F6E1254A-B885-4C9F-B2A0-FB6681814309}.Template|x64.ActiveCfg = RemoteDebug|Win32
		{F6E1254A-B885-4C9F-B2A0-FB6681814309}.Template|x64.Build.0 = RemoteDebug|Win32
		{0A149389-F60B-4008-9EDF-E7A427A6CC62}.Debug|Win32.ActiveCfg = Debug|Win32
		{0A149389-F60B-4008-9EDF-E7A427A6CC62}.Debug|Win32.Build.0 = Debug|Win32
		{0A149389-F60B-4008-9EDF-E7A427A6CC62}.Debug|x64.ActiveCfg = Debug|x64
		{0A149389-F60B-4008-9EDF-E7A427A6CC62}.Debug|x64.Build.0 = Debug|x64
		{0A149389-F60B-4008-9EDF-E7A427A6CC62}.Release|Win32.ActiveCfg = Release|Win32
		{0A149389-F60B-4008-9EDF-E7A427A6CC62}.Release|Win32.Build.0 = Release|Win32
		{0A149389-F60B-4008-9EDF-E7A427A6CC62}.Release|x64.ActiveCfg = Release|x64
		{0A149389-F60B-4008-9EDF-E7A427A6CC62}.Release|x64.Build.0 = Release|x64
		{0A149389-F60B-4008-9EDF-E7A427A6CC62}.Remote_Debug_Test|Win32.ActiveCfg = Debug|Win32
		{0A149389-F60B-4008-9EDF-E7A427A6CC62}.Remote_Debug_Test|Win32.Build.0 = Debug|Win32
		{0A149389-F60B-4008-9EDF-E7A427A6CC62}.Remote_Debug_Test|x64.ActiveCfg = Debug|x64
		{0A149389-F60B-4008-9EDF-E7A427A6CC62}.Remote_Debug_Test|x64.Build.0 = Debug|x64
		{0A149389-F60B-4008-9EDF-E7A427A6CC62}.Remote_Debug|Win32.ActiveCfg = Debug|Win32
		{0A149389-F60B-4008-9EDF-E7A427A6CC62}.Remote_Debug|Win32.Build.0 = Debug|Win32
		{0A149389-F60B-4008-9EDF-E7A427A6CC62}.Remote_Debug|x64.ActiveCfg = Debug|x64
		{0A149389-F60B-4008-9EDF-E7A427A6CC62}.Remote_Debug|x64.Build.0 = Debug|x64
		{0A149389-F60B-4008-9EDF-E7A427A6CC62}.Remote_Release|Win32.ActiveCfg = Release|Win32
		{0A149389-F60B-4008-9EDF-E7A427A6CC62}.Remote_Release|Win32.Build.0 = Release|Win32
		{0A149389-F60B-4008-9EDF-E7A427A6CC62}.Remote_Release|x64.ActiveCfg = Release|x64
		{0A149389-F60B-4008-9EDF-E7A427A6CC62}.Remote_Release|x64.Build.0 = Release|x64
		{0A149389-F60B-4008-9EDF-E7A427A6CC62}.RemoteDebug|Win32.ActiveCfg = Debug|Win32
		{0A149389-F60B-4008-9EDF-E7A427A6CC62}.RemoteDebug|Win32.Build.0 = Debug|Win32
		{0A149389-F60B-4008-9EDF-E7A427A6CC62}.RemoteDebug|x64.ActiveCfg = Debug|x64
		{0A149389-F60B-4008-9EDF-E7A427A6CC62}.RemoteDebug|x64.Build.0 = Debug|x64
		{0A149389-F60B-4008-9EDF-E7A427A6CC62}.RemoteRelase_1|Win32.ActiveCfg = Release|Win32
		{0A149389-F60B-4008-9EDF-E7A427A6CC62}.RemoteRelase_1|Win32.Build.0 = Release|Win32
		{0A149389-F60B-4008-9EDF-E7A427A6CC62}.RemoteRelase_1|x64.ActiveCfg = Release|x64
		{0A149389-F60B-4008-9EDF-E7A427A6CC62}.RemoteRelase_1|x64.Build.0 = Release|x64
		{0A149389-F60B-4008-9EDF-E7A427A6CC62}.Template|Win32.ActiveCfg = Release|Win32
		{0A149389-F60B-4008-9EDF-E7A427A6CC62}.Template|Win32.Build.0 = Release|Win32
		{0A149389-F60B-4008-9EDF-E7A427A6CC62}.Template|x64.ActiveCfg = Release|x64
		{0A149389-F60B-4008-9EDF-E7A427A6CC62}.Template|x64.Build.0 = Release|x64
	EndGlobalSection
	GlobalSection(SolutionProperties) = preSolution
		HideSolutionNode = FALSE
	EndGlobalSection
EndGlobal
